
Microsoft Visual Studio Solution File, Format Version 12.00
# Visual Studio 2013
VisualStudioVersion = 12.0.0.0
MinimumVisualStudioVersion = 10.0.0.1
Project("{FAE04EC0-301F-11D3-BF4B-00C04F79EFBC}") = "NetSerializer.Test", "NetSerializer.Test\NetSerializer.Test.csproj", "{5E81823C-4AFC-4161-ABE4-1EFC8FFB0A81}"
EndProject
Project("{FAE04EC0-301F-11D3-BF4B-00C04F79EFBC}") = "NetSerializer.API", "NetSerializer.API\NetSerializer.API.csproj", "{980E6A06-31CA-465A-96C3-32055F4898FB}"
EndProject
Project("{FAE04EC0-301F-11D3-BF4B-00C04F79EFBC}") = "NetSerializer.YAML", "NetSerializer.YAML\NetSerializer.YAML.csproj", "{F3541CE5-4EDD-43EF-8670-E536D4D04245}"
EndProject
Project("{FAE04EC0-301F-11D3-BF4B-00C04F79EFBC}") = "NetSerializer.JSON", "NetSerializer.JSON\NetSerializer.JSON.csproj", "{E27965BC-FED6-464E-AF34-7DD73B929A48}"
EndProject
Project("{FAE04EC0-301F-11D3-BF4B-00C04F79EFBC}") = "NetSerializer.XML", "NetSerializer.XML\NetSerializer.XML.csproj", "{7BA83049-056C-46AA-B693-952A051E64C9}"
EndProject
Project("{FAE04EC0-301F-11D3-BF4B-00C04F79EFBC}") = "NetSerializer.Binary", "NetSerializer.Binary\NetSerializer.Binary.csproj", "{C5B3F0FB-B5CC-4AF3-8756-46C9B3E96877}"
EndProject
Project("{FAE04EC0-301F-11D3-BF4B-00C04F79EFBC}") = "NetSerializer.MsgPack", "NetSerializer.MsgPack\NetSerializer.MsgPack.csproj", "{C87B29C6-F047-4464-B8DD-BB3D89788AE0}"
EndProject
Global
	GlobalSection(SolutionConfigurationPlatforms) = preSolution
		Debug|Any CPU = Debug|Any CPU
		Release|Any CPU = Release|Any CPU
	EndGlobalSection
	GlobalSection(ProjectConfigurationPlatforms) = postSolution
		{5E81823C-4AFC-4161-ABE4-1EFC8FFB0A81}.Debug|Any CPU.ActiveCfg = Debug|Any CPU
		{5E81823C-4AFC-4161-ABE4-1EFC8FFB0A81}.Debug|Any CPU.Build.0 = Debug|Any CPU
		{5E81823C-4AFC-4161-ABE4-1EFC8FFB0A81}.Release|Any CPU.ActiveCfg = Release|Any CPU
		{5E81823C-4AFC-4161-ABE4-1EFC8FFB0A81}.Release|Any CPU.Build.0 = Release|Any CPU
		{980E6A06-31CA-465A-96C3-32055F4898FB}.Debug|Any CPU.ActiveCfg = Debug|Any CPU
		{980E6A06-31CA-465A-96C3-32055F4898FB}.Debug|Any CPU.Build.0 = Debug|Any CPU
		{980E6A06-31CA-465A-96C3-32055F4898FB}.Release|Any CPU.ActiveCfg = Release|Any CPU
		{980E6A06-31CA-465A-96C3-32055F4898FB}.Release|Any CPU.Build.0 = Release|Any CPU
		{F3541CE5-4EDD-43EF-8670-E536D4D04245}.Debug|Any CPU.ActiveCfg = Debug|Any CPU
		{F3541CE5-4EDD-43EF-8670-E536D4D04245}.Debug|Any CPU.Build.0 = Debug|Any CPU
		{F3541CE5-4EDD-43EF-8670-E536D4D04245}.Release|Any CPU.ActiveCfg = Release|Any CPU
		{F3541CE5-4EDD-43EF-8670-E536D4D04245}.Release|Any CPU.Build.0 = Release|Any CPU
		{E27965BC-FED6-464E-AF34-7DD73B929A48}.Debug|Any CPU.ActiveCfg = Debug|Any CPU
		{E27965BC-FED6-464E-AF34-7DD73B929A48}.Debug|Any CPU.Build.0 = Debug|Any CPU
		{E27965BC-FED6-464E-AF34-7DD73B929A48}.Release|Any CPU.ActiveCfg = Release|Any CPU
		{E27965BC-FED6-464E-AF34-7DD73B929A48}.Release|Any CPU.Build.0 = Release|Any CPU
		{7BA83049-056C-46AA-B693-952A051E64C9}.Debug|Any CPU.ActiveCfg = Debug|Any CPU
		{7BA83049-056C-46AA-B693-952A051E64C9}.Debug|Any CPU.Build.0 = Debug|Any CPU
		{7BA83049-056C-46AA-B693-952A051E64C9}.Release|Any CPU.ActiveCfg = Release|Any CPU
		{7BA83049-056C-46AA-B693-952A051E64C9}.Release|Any CPU.Build.0 = Release|Any CPU
		{C5B3F0FB-B5CC-4AF3-8756-46C9B3E96877}.Debug|Any CPU.ActiveCfg = Debug|Any CPU
		{C5B3F0FB-B5CC-4AF3-8756-46C9B3E96877}.Debug|Any CPU.Build.0 = Debug|Any CPU
		{C5B3F0FB-B5CC-4AF3-8756-46C9B3E96877}.Release|Any CPU.ActiveCfg = Release|Any CPU
		{C5B3F0FB-B5CC-4AF3-8756-46C9B3E96877}.Release|Any CPU.Build.0 = Release|Any CPU
		{C87B29C6-F047-4464-B8DD-BB3D89788AE0}.Debug|Any CPU.ActiveCfg = Debug|Any CPU
		{C87B29C6-F047-4464-B8DD-BB3D89788AE0}.Debug|Any CPU.Build.0 = Debug|Any CPU
		{C87B29C6-F047-4464-B8DD-BB3D89788AE0}.Release|Any CPU.ActiveCfg = Release|Any CPU
		{C87B29C6-F047-4464-B8DD-BB3D89788AE0}.Release|Any CPU.Build.0 = Release|Any CPU
	EndGlobalSection
	GlobalSection(SolutionProperties) = preSolution
		HideSolutionNode = FALSE
	EndGlobalSection
EndGlobal
